
Microsoft Visual Studio Solution File, Format Version 12.00
# Visual Studio 15
VisualStudioVersion = 15.0.28307.1000
MinimumVisualStudioVersion = 10.0.40219.1
Project("{FAE04EC0-301F-11D3-BF4B-00C04F79EFBC}") = "AzureTest.DirectX", "AzureTest.DirectX\AzureTest.DirectX.csproj", "{4DB75402-6144-4196-948E-EF3CB2DF881F}"
EndProject
Project("{D954291E-2A0B-460D-934E-DC6B0785DB48}") = "AzureTest.Core", "AzureTest.Core\AzureTest.Core.shproj", "{A0CDBD0E-3A41-42B7-9425-A838BC2C7383}"
EndProject
Project("{2150E333-8FDC-42A3-9474-1A3956D46DE8}") = "Solution Items", "Solution Items", "{018D58EF-2FA2-46EA-9A59-D546ADD8F977}"
	ProjectSection(SolutionItems) = preProject
		azure-pipelines.yml = azure-pipelines.yml
		gitversion.yml = gitversion.yml
		README.md = README.md
	EndProjectSection
EndProject
Project("{FAE04EC0-301F-11D3-BF4B-00C04F79EFBC}") = "AzureTest.OpenGL", "AzureTest.OpenGL\AzureTest.OpenGL.csproj", "{B788BAF2-D3DF-48F7-9B42-DAFAD7AD095D}"
EndProject
Global
	GlobalSection(SharedMSBuildProjectFiles) = preSolution
		AzureTest.Core\AzureTest.Core.projitems*{4db75402-6144-4196-948e-ef3cb2df881f}*SharedItemsImports = 4
		AzureTest.Core\AzureTest.Core.projitems*{a0cdbd0e-3a41-42b7-9425-a838bc2c7383}*SharedItemsImports = 13
	EndGlobalSection
	GlobalSection(SolutionConfigurationPlatforms) = preSolution
		Debug|Any CPU = Debug|Any CPU
		Debug|x86 = Debug|x86
		Release|Any CPU = Release|Any CPU
		Release|x86 = Release|x86
	EndGlobalSection
	GlobalSection(ProjectConfigurationPlatforms) = postSolution
		{4DB75402-6144-4196-948E-EF3CB2DF881F}.Debug|Any CPU.ActiveCfg = Debug|x86
		{4DB75402-6144-4196-948E-EF3CB2DF881F}.Debug|x86.ActiveCfg = Debug|x86
		{4DB75402-6144-4196-948E-EF3CB2DF881F}.Debug|x86.Build.0 = Debug|x86
		{4DB75402-6144-4196-948E-EF3CB2DF881F}.Release|Any CPU.ActiveCfg = Release|x86
		{4DB75402-6144-4196-948E-EF3CB2DF881F}.Release|x86.ActiveCfg = Release|x86
		{4DB75402-6144-4196-948E-EF3CB2DF881F}.Release|x86.Build.0 = Release|x86
		{B788BAF2-D3DF-48F7-9B42-DAFAD7AD095D}.Debug|Any CPU.ActiveCfg = Debug|Any CPU
		{B788BAF2-D3DF-48F7-9B42-DAFAD7AD095D}.Debug|Any CPU.Build.0 = Debug|Any CPU
		{B788BAF2-D3DF-48F7-9B42-DAFAD7AD095D}.Debug|x86.ActiveCfg = Debug|Any CPU
		{B788BAF2-D3DF-48F7-9B42-DAFAD7AD095D}.Debug|x86.Build.0 = Debug|Any CPU
		{B788BAF2-D3DF-48F7-9B42-DAFAD7AD095D}.Release|Any CPU.ActiveCfg = Release|Any CPU
		{B788BAF2-D3DF-48F7-9B42-DAFAD7AD095D}.Release|Any CPU.Build.0 = Release|Any CPU
		{B788BAF2-D3DF-48F7-9B42-DAFAD7AD095D}.Release|x86.ActiveCfg = Release|Any CPU
		{B788BAF2-D3DF-48F7-9B42-DAFAD7AD095D}.Release|x86.Build.0 = Release|Any CPU
	EndGlobalSection
	GlobalSection(SolutionProperties) = preSolution
		HideSolutionNode = FALSE
	EndGlobalSection
	GlobalSection(ExtensibilityGlobals) = postSolution
		SolutionGuid = {3E252DAD-ED09-49DE-B452-C350189AD668}
	EndGlobalSection
EndGlobal
